
Microsoft Visual Studio Solution File, Format Version 12.00
# Visual Studio 15
VisualStudioVersion = 15.0.34526.175
MinimumVisualStudioVersion = 10.0.40219.1
Project("{FAE04EC0-301F-11D3-BF4B-00C04F79EFBC}") = "aspent", "aspent\aspent.csproj", "{0754BBA7-6602-43BF-B70E-A6D65E2DF7A6}"
EndProject
Global
	GlobalSection(SolutionConfigurationPlatforms) = preSolution
		Debug|Any CPU = Debug|Any CPU
		Release|Any CPU = Release|Any CPU
	EndGlobalSection
	GlobalSection(ProjectConfigurationPlatforms) = postSolution
		{0754BBA7-6602-43BF-B70E-A6D65E2DF7A6}.Debug|Any CPU.ActiveCfg = Debug|Any CPU
		{0754BBA7-6602-43BF-B70E-A6D65E2DF7A6}.Debug|Any CPU.Build.0 = Debug|Any CPU
		{0754BBA7-6602-43BF-B70E-A6D65E2DF7A6}.Release|Any CPU.ActiveCfg = Release|Any CPU
		{0754BBA7-6602-43BF-B70E-A6D65E2DF7A6}.Release|Any CPU.Build.0 = Release|Any CPU
	EndGlobalSection
	GlobalSection(SolutionProperties) = preSolution
		HideSolutionNode = FALSE
	EndGlobalSection
	GlobalSection(ExtensibilityGlobals) = postSolution
		SolutionGuid = {CC763834-5319-415E-B19E-8B37D68EA822}
	EndGlobalSection
EndGlobal
