
Microsoft Visual Studio Solution File, Format Version 12.00
# Visual Studio 15
VisualStudioVersion = 15.0.34526.175
MinimumVisualStudioVersion = 10.0.40219.1
Project("{E24C65DC-7377-472B-9ABA-BC803B73C61A}") = "aspnet", "aspnet\", "{13E47050-20B2-424F-83C9-0352587397B7}"
	ProjectSection(WebsiteProperties) = preProject
		TargetFrameworkMoniker = ".NETFramework,Version%3Dv4.6.1"
		Debug.AspNetCompiler.VirtualPath = "/localhost_56281"
		Debug.AspNetCompiler.PhysicalPath = "aspnet\"
		Debug.AspNetCompiler.TargetPath = "PrecompiledWeb\localhost_56281\"
		Debug.AspNetCompiler.Updateable = "true"
		Debug.AspNetCompiler.ForceOverwrite = "true"
		Debug.AspNetCompiler.FixedNames = "false"
		Debug.AspNetCompiler.Debug = "True"
		Release.AspNetCompiler.VirtualPath = "/localhost_56281"
		Release.AspNetCompiler.PhysicalPath = "aspnet\"
		Release.AspNetCompiler.TargetPath = "PrecompiledWeb\localhost_56281\"
		Release.AspNetCompiler.Updateable = "true"
		Release.AspNetCompiler.ForceOverwrite = "true"
		Release.AspNetCompiler.FixedNames = "false"
		Release.AspNetCompiler.Debug = "False"
		VWDPort = "56281"
		SlnRelativePath = "aspnet\"
		DefaultWebSiteLanguage = "Visual C#"
	EndProjectSection
EndProject
Global
	GlobalSection(SolutionConfigurationPlatforms) = preSolution
		Debug|Any CPU = Debug|Any CPU
	EndGlobalSection
	GlobalSection(ProjectConfigurationPlatforms) = postSolution
		{13E47050-20B2-424F-83C9-0352587397B7}.Debug|Any CPU.ActiveCfg = Debug|Any CPU
		{13E47050-20B2-424F-83C9-0352587397B7}.Debug|Any CPU.Build.0 = Debug|Any CPU
	EndGlobalSection
	GlobalSection(SolutionProperties) = preSolution
		HideSolutionNode = FALSE
	EndGlobalSection
	GlobalSection(ExtensibilityGlobals) = postSolution
		SolutionGuid = {F15772F4-435A-49BB-8EC8-167B325BF613}
	EndGlobalSection
EndGlobal
