
Microsoft Visual Studio Solution File, Format Version 12.00
# Visual Studio 15
VisualStudioVersion = 15.0.34526.175
MinimumVisualStudioVersion = 10.0.40219.1
Project("{FAE04EC0-301F-11D3-BF4B-00C04F79EFBC}") = "mvcproje1", "mvcproje1\mvcproje1.csproj", "{50D01866-EF78-4FBD-83D3-5A3068F49B97}"
EndProject
Global
	GlobalSection(SolutionConfigurationPlatforms) = preSolution
		Debug|Any CPU = Debug|Any CPU
		Release|Any CPU = Release|Any CPU
	EndGlobalSection
	GlobalSection(ProjectConfigurationPlatforms) = postSolution
		{50D01866-EF78-4FBD-83D3-5A3068F49B97}.Debug|Any CPU.ActiveCfg = Debug|Any CPU
		{50D01866-EF78-4FBD-83D3-5A3068F49B97}.Debug|Any CPU.Build.0 = Debug|Any CPU
		{50D01866-EF78-4FBD-83D3-5A3068F49B97}.Release|Any CPU.ActiveCfg = Release|Any CPU
		{50D01866-EF78-4FBD-83D3-5A3068F49B97}.Release|Any CPU.Build.0 = Release|Any CPU
	EndGlobalSection
	GlobalSection(SolutionProperties) = preSolution
		HideSolutionNode = FALSE
	EndGlobalSection
	GlobalSection(ExtensibilityGlobals) = postSolution
		SolutionGuid = {8B17AB44-989E-4BD4-BA6A-0E9B38A7562F}
	EndGlobalSection
EndGlobal
