
Microsoft Visual Studio Solution File, Format Version 12.00
# Visual Studio 15
VisualStudioVersion = 15.0.34526.175
MinimumVisualStudioVersion = 10.0.40219.1
Project("{FAE04EC0-301F-11D3-BF4B-00C04F79EFBC}") = "mvcproje", "mvcproje\mvcproje.csproj", "{C2C048FB-6FC8-4E55-A3E5-1AC8AC5FBEA3}"
EndProject
Global
	GlobalSection(SolutionConfigurationPlatforms) = preSolution
		Debug|Any CPU = Debug|Any CPU
		Release|Any CPU = Release|Any CPU
	EndGlobalSection
	GlobalSection(ProjectConfigurationPlatforms) = postSolution
		{C2C048FB-6FC8-4E55-A3E5-1AC8AC5FBEA3}.Debug|Any CPU.ActiveCfg = Debug|Any CPU
		{C2C048FB-6FC8-4E55-A3E5-1AC8AC5FBEA3}.Debug|Any CPU.Build.0 = Debug|Any CPU
		{C2C048FB-6FC8-4E55-A3E5-1AC8AC5FBEA3}.Release|Any CPU.ActiveCfg = Release|Any CPU
		{C2C048FB-6FC8-4E55-A3E5-1AC8AC5FBEA3}.Release|Any CPU.Build.0 = Release|Any CPU
	EndGlobalSection
	GlobalSection(SolutionProperties) = preSolution
		HideSolutionNode = FALSE
	EndGlobalSection
	GlobalSection(ExtensibilityGlobals) = postSolution
		SolutionGuid = {EF7B65B7-7C66-4AA5-91FF-39768B2C6079}
	EndGlobalSection
EndGlobal
